{
  "name": "dependency-injection",
  "version": "1.0.0",
  "lockfileVersion": 2,
  "requires": true,
  "packages": {
    "": {
      "name": "dependency-injection",
      "version": "1.0.0",
      "license": "MIT",
      "dependencies": {
        "locutus": "^2.0.16",
        "lodash": "^4.17.21"
      },
      "devDependencies": {
        "@types/locutus": "^0.0.8"
      }
    },
    "node_modules/@types/locutus": {
      "version": "0.0.8",
      "resolved": "https://registry.npmjs.org/@types/locutus/-/locutus-0.0.8.tgz",
      "integrity": "sha512-96nd8Rx7DmcBuCYQ1PPNsBgo85VUV23yRO4twnFkvNUoqvm+yjlu+g9xsBBX5IlDitsEQmoMH0W5NBPLYvpgAw==",
      "dev": true
    },
    "node_modules/locutus": {
      "version": "2.0.16",
      "resolved": "https://registry.npmjs.org/locutus/-/locutus-2.0.16.tgz",
      "integrity": "sha512-pGfl6Hb/1mXLzrX5kl5lH7gz25ey0vwQssZp8Qo2CEF59di6KrAgdFm+0pW8ghLnvNzzJGj5tlWhhv2QbK3jeQ==",
      "engines": {
        "node": ">= 10"
      }
    },
    "node_modules/lodash": {
      "version": "4.17.21",
      "resolved": "https://registry.npmjs.org/lodash/-/lodash-4.17.21.tgz",
      "integrity": "sha512-v2kDEe57lecTulaDIuNTPy3Ry4gLGJ6Z1O3vE1krgXZNrsQ+LFTGHVxVjcXPs17LhbZVGedAJv8XZ1tvj5FvSg=="
    }
  },
  "dependencies": {
    "@types/locutus": {
      "version": "0.0.8",
      "resolved": "https://registry.npmjs.org/@types/locutus/-/locutus-0.0.8.tgz",
      "integrity": "sha512-96nd8Rx7DmcBuCYQ1PPNsBgo85VUV23yRO4twnFkvNUoqvm+yjlu+g9xsBBX5IlDitsEQmoMH0W5NBPLYvpgAw==",
      "dev": true
    },
    "locutus": {
      "version": "2.0.16",
      "resolved": "https://registry.npmjs.org/locutus/-/locutus-2.0.16.tgz",
      "integrity": "sha512-pGfl6Hb/1mXLzrX5kl5lH7gz25ey0vwQssZp8Qo2CEF59di6KrAgdFm+0pW8ghLnvNzzJGj5tlWhhv2QbK3jeQ=="
    },
    "lodash": {
      "version": "4.17.21",
      "resolved": "https://registry.npmjs.org/lodash/-/lodash-4.17.21.tgz",
      "integrity": "sha512-v2kDEe57lecTulaDIuNTPy3Ry4gLGJ6Z1O3vE1krgXZNrsQ+LFTGHVxVjcXPs17LhbZVGedAJv8XZ1tvj5FvSg=="
    }
  }
}
